{
  "name": "isolang-wasm-example",
  "version": "0.1.0",
  "lockfileVersion": 3,
  "requires": true,
  "packages": {
    "": {
      "name": "isolang-wasm-example",
      "version": "0.1.0",
      "license": "MIT/Apache-2.0",
      "dependencies": {
        "isolang-wasm": "^0.2"
      }
    },
    "node_modules/isolang-wasm": {
      "version": "0.2.1",
      "resolved": "https://registry.npmjs.org/isolang-wasm/-/isolang-wasm-0.2.1.tgz",
      "integrity": "sha512-umehqglzzPSRtR7bT6ZMRWVZ2tk9KRCYcyDMvAWz9RUoxkc7hQE+w398iOBJ+4r38UjNXjfcUzl2LZBoGmbSSQ=="
    }
  }
}
